<?xml version="1.0" encoding="utf-8"?>
<Project ToolsVersion="4.0" xmlns="http://schemas.microsoft.com/developer/msbuild/2003">
  <ItemGroup>
    <Filter Include="Form Files">
      <UniqueIdentifier>{99349809-55BA-4b9d-BF79-8FDBB0286EB3}</UniqueIdentifier>
      <Extensions>ui</Extensions>
      <ParseFiles>false</ParseFiles>
    </Filter>
    <Filter Include="Form Files">
      <UniqueIdentifier>{99349809-55BA-4b9d-BF79-8FDBB0286EB3}</UniqueIdentifier>
      <Extensions>ui</Extensions>
      <ParseFiles>false</ParseFiles>
    </Filter>
    <Filter Include="Generated Files">
      <UniqueIdentifier>{71ED8ED8-ACB9-4CE9-BBE1-E00B30144E11}</UniqueIdentifier>
      <Extensions>cpp;c;cxx;moc;h;def;odl;idl;res;</Extensions>
    </Filter>
    <Filter Include="Generated Files">
      <UniqueIdentifier>{71ED8ED8-ACB9-4CE9-BBE1-E00B30144E11}</UniqueIdentifier>
      <Extensions>cpp;c;cxx;moc;h;def;odl;idl;res;</Extensions>
    </Filter>
    <Filter Include="Header Files">
      <UniqueIdentifier>{93995380-89BD-4b04-88EB-625FBE52EBFB}</UniqueIdentifier>
      <Extensions>h;hpp;hxx;hm;inl;inc;xsd</Extensions>
    </Filter>
    <Filter Include="Header Files">
      <UniqueIdentifier>{93995380-89BD-4b04-88EB-625FBE52EBFB}</UniqueIdentifier>
      <Extensions>h;hpp;hxx;hm;inl;inc;xsd</Extensions>
    </Filter>
    <Filter Include="Source Files">
      <UniqueIdentifier>{4FC737F1-C7A5-4376-A066-2A32D752A2FF}</UniqueIdentifier>
      <Extensions>cpp;c;cxx;def;odl;idl;hpj;bat;asm;asmx</Extensions>
    </Filter>
    <Filter Include="Source Files">
      <UniqueIdentifier>{4FC737F1-C7A5-4376-A066-2A32D752A2FF}</UniqueIdentifier>
      <Extensions>cpp;c;cxx;def;odl;idl;hpj;bat;asm;asmx</Extensions>
    </Filter>
  </ItemGroup>
  <ItemGroup>
    <ClCompile Include="AbsoluteOrientation.cpp">
      <Filter>Source Files</Filter>
    </ClCompile>
    <ClCompile Include="DynamicGraph.cpp">
      <Filter>Source Files</Filter>
    </ClCompile>
    <ClCompile Include="GraphCorresponder.cpp">
      <Filter>Source Files</Filter>
    </ClCompile>
    <ClCompile Include="GraphDissimilarity.cpp">
      <Filter>Source Files</Filter>
    </ClCompile>
    <ClCompile Include="GraphDistance.cpp">
      <Filter>Source Files</Filter>
    </ClCompile>
    <ClCompile Include="GraphExplorer.cpp">
      <Filter>Source Files</Filter>
    </ClCompile>
    <ClCompile Include="GraphModifyWidget.cpp">
      <Filter>Source Files</Filter>
    </ClCompile>
    <ClCompile Include="Relink.cpp">
      <Filter>Source Files</Filter>
    </ClCompile>
    <ClCompile Include="Sampler.cpp">
      <Filter>Source Files</Filter>
    </ClCompile>
    <ClCompile Include="Scheduler.cpp">
      <Filter>Source Files</Filter>
    </ClCompile>
    <ClCompile Include="SchedulerWidget.cpp">
      <Filter>Source Files</Filter>
    </ClCompile>
    <ClCompile Include="SimilarSampling.cpp">
      <Filter>Source Files</Filter>
    </ClCompile>
    <ClCompile Include="StructureCurve.cpp">
      <Filter>Source Files</Filter>
    </ClCompile>
    <ClCompile Include="StructureGraph.cpp">
      <Filter>Source Files</Filter>
    </ClCompile>
    <ClCompile Include="StructureLink.cpp">
      <Filter>Source Files</Filter>
    </ClCompile>
    <ClCompile Include="StructureSheet.cpp">
      <Filter>Source Files</Filter>
    </ClCompile>
    <ClCompile Include="SynthesisManager.cpp">
      <Filter>Source Files</Filter>
    </ClCompile>
    <ClCompile Include="Synthesizer.cpp">
      <Filter>Source Files</Filter>
    </ClCompile>
    <ClCompile Include="Task.cpp">
      <Filter>Source Files</Filter>
    </ClCompile>
    <ClCompile Include="TaskCurve.cpp">
      <Filter>Source Files</Filter>
    </ClCompile>
    <ClCompile Include="TaskSheet.cpp">
      <Filter>Source Files</Filter>
    </ClCompile>
    <ClCompile Include="TimelineSlider.cpp">
      <Filter>Source Files</Filter>
    </ClCompile>
    <ClCompile Include="TopoBlender.cpp">
      <Filter>Source Files</Filter>
    </ClCompile>
    <ClCompile Include="QGraphViz\svgview.cpp">
      <Filter>Source Files</Filter>
    </ClCompile>
  </ItemGroup>
  <ItemGroup>
    <ClInclude Include="AbsoluteOrientation.h">
      <Filter>Header Files</Filter>
    </ClInclude>
    <ClInclude Include="DynamicGraph.h">
      <Filter>Header Files</Filter>
    </ClInclude>
    <ClInclude Include="DynamicGraphGlobal.h">
      <Filter>Header Files</Filter>
    </ClInclude>
    <ClInclude Include="ExportDynamicGraph.h">
      <Filter>Header Files</Filter>
    </ClInclude>
    <QtMoc Include="GraphCorresponder.h">
      <Filter>Header Files</Filter>
    </QtMoc>
    <ClInclude Include="GraphDissimilarity.h">
      <Filter>Header Files</Filter>
    </ClInclude>
    <ClInclude Include="GraphDistance.h">
      <Filter>Header Files</Filter>
    </ClInclude>
    <ClInclude Include="GraphEmbed.h">
      <Filter>Header Files</Filter>
    </ClInclude>
    <QtMoc Include="GraphExplorer.h">
      <Filter>Header Files</Filter>
    </QtMoc>
    <QtMoc Include="GraphModifyWidget.h">
      <Filter>Header Files</Filter>
    </QtMoc>
    <ClInclude Include="Relink.h">
      <Filter>Header Files</Filter>
    </ClInclude>
    <ClInclude Include="Sampler.h">
      <Filter>Header Files</Filter>
    </ClInclude>
    <QtMoc Include="Scheduler.h">
      <Filter>Header Files</Filter>
    </QtMoc>
    <QtMoc Include="SchedulerWidget.h">
      <Filter>Header Files</Filter>
    </QtMoc>
    <ClInclude Include="SimilarSampling.h">
      <Filter>Header Files</Filter>
    </ClInclude>
    <ClInclude Include="SpherePackSampling.h">
      <Filter>Header Files</Filter>
    </ClInclude>
    <ClInclude Include="StructureCurve.h">
      <Filter>Header Files</Filter>
    </ClInclude>
    <ClInclude Include="StructureGlobal.h">
      <Filter>Header Files</Filter>
    </ClInclude>
    <ClInclude Include="StructureGraph.h">
      <Filter>Header Files</Filter>
    </ClInclude>
    <ClInclude Include="StructureLink.h">
      <Filter>Header Files</Filter>
    </ClInclude>
    <ClInclude Include="StructureNode.h">
      <Filter>Header Files</Filter>
    </ClInclude>
    <ClInclude Include="StructureSheet.h">
      <Filter>Header Files</Filter>
    </ClInclude>
    <QtMoc Include="SynthesisManager.h">
      <Filter>Header Files</Filter>
    </QtMoc>
    <ClInclude Include="Synthesizer.h">
      <Filter>Header Files</Filter>
    </ClInclude>
    <QtMoc Include="Task.h">
      <Filter>Header Files</Filter>
    </QtMoc>
    <ClInclude Include="TaskCurve.h">
      <Filter>Header Files</Filter>
    </ClInclude>
    <ClInclude Include="TaskSheet.h">
      <Filter>Header Files</Filter>
    </ClInclude>
    <QtMoc Include="TimelineSlider.h">
      <Filter>Header Files</Filter>
    </QtMoc>
    <QtMoc Include="TopoBlender.h">
      <Filter>Header Files</Filter>
    </QtMoc>
    <QtMoc Include="QGraphViz\svgview.h">
      <Filter>Header Files</Filter>
    </QtMoc>
  </ItemGroup>
  <ItemGroup>
    
    
    
    
    
    
    
    
    
    
    
    
    
    
    
    
    
    
    <CustomBuild Include="debug\moc_predefs.h.cbt">
      <Filter>Generated Files</Filter>
    </CustomBuild>
    <CustomBuild Include="release\moc_predefs.h.cbt">
      <Filter>Generated Files</Filter>
    </CustomBuild>
    
    
    
    
    
  </ItemGroup>
  <ItemGroup>
    <QtUic Include="GraphExplorer.ui">
      <Filter>Form Files</Filter>
    </QtUic>
    <QtUic Include="GraphModifyWidget.ui">
      <Filter>Form Files</Filter>
    </QtUic>
    <QtUic Include="SchedulerWidget.ui">
      <Filter>Form Files</Filter>
    </QtUic>
  </ItemGroup>
</Project>